
Microsoft Visual Studio Solution File, Format Version 11.00
# Visual Studio 2010
Project("{FAE04EC0-301F-11D3-BF4B-00C04F79EFBC}") = "SDammann.WebApi.Versioning", "SDammann.WebApi.Versioning\SDammann.WebApi.Versioning.csproj", "{406E64F7-F097-44B0-8730-E79567F1ED4E}"
EndProject
Project("{FAE04EC0-301F-11D3-BF4B-00C04F79EFBC}") = "VersioningTestApp", "VersioningTestApp\VersioningTestApp.csproj", "{1F08148F-6D59-4B28-8DFB-F86D6E2B496C}"
EndProject
Project("{2150E333-8FDC-42A3-9474-1A3956D46DE8}") = ".nuget", ".nuget", "{EE430591-8685-4D96-B77D-C0D399DBDCAD}"
	ProjectSection(SolutionItems) = preProject
		.nuget\NuGet.Config = .nuget\NuGet.Config
		.nuget\nuget.exe = .nuget\nuget.exe
		.nuget\NuGet.targets = .nuget\NuGet.targets
		.nuget\packages.config = .nuget\packages.config
		.nuget\Readme.txt = .nuget\Readme.txt
		.nuget\SDammann.WebAPI.Versioning.nuspec = .nuget\SDammann.WebAPI.Versioning.nuspec
	EndProjectSection
EndProject
Global
	GlobalSection(SolutionConfigurationPlatforms) = preSolution
		Debug|Any CPU = Debug|Any CPU
		Release|Any CPU = Release|Any CPU
	EndGlobalSection
	GlobalSection(ProjectConfigurationPlatforms) = postSolution
		{406E64F7-F097-44B0-8730-E79567F1ED4E}.Debug|Any CPU.ActiveCfg = Debug|Any CPU
		{406E64F7-F097-44B0-8730-E79567F1ED4E}.Debug|Any CPU.Build.0 = Debug|Any CPU
		{406E64F7-F097-44B0-8730-E79567F1ED4E}.Release|Any CPU.ActiveCfg = Release|Any CPU
		{406E64F7-F097-44B0-8730-E79567F1ED4E}.Release|Any CPU.Build.0 = Release|Any CPU
		{1F08148F-6D59-4B28-8DFB-F86D6E2B496C}.Debug|Any CPU.ActiveCfg = Debug|Any CPU
		{1F08148F-6D59-4B28-8DFB-F86D6E2B496C}.Debug|Any CPU.Build.0 = Debug|Any CPU
		{1F08148F-6D59-4B28-8DFB-F86D6E2B496C}.Release|Any CPU.ActiveCfg = Release|Any CPU
		{1F08148F-6D59-4B28-8DFB-F86D6E2B496C}.Release|Any CPU.Build.0 = Release|Any CPU
	EndGlobalSection
	GlobalSection(SolutionProperties) = preSolution
		HideSolutionNode = FALSE
	EndGlobalSection
EndGlobal
